{
  "name": "gguf-loader-website",
  "version": "1.0.0",
  "lockfileVersion": 3,
  "requires": true,
  "packages": {
    "": {
      "name": "gguf-loader-website",
      "version": "1.0.0",
      "dependencies": {
        "lighthouse": "^11.0.0"
      },
      "devDependencies": {
        "@lhci/cli": "^0.12.0",
        "axe-core": "^4.8.0",
        "jsdom": "^23.0.0",
        "puppeteer": "^21.0.0",
        "structured-data-testing-tool": "^4.2.0"
      }
    }
  }
}